// !$*UTF8*$!
{
	archiveVersion = 1;
	classes = {
	};
	objectVersion = 56;
	objects = {

/* Begin PBXBuildFile section */
		84D939722BD61DED008C0948 /* FBAApp.swift in Sources */ = {isa = PBXBuildFile; fileRef = 84D939712BD61DED008C0948 /* FBAApp.swift */; };
		84D939742BD61DED008C0948 /* ContentView.swift in Sources */ = {isa = PBXBuildFile; fileRef = 84D939732BD61DED008C0948 /* ContentView.swift */; };
		84D939762BD61DEE008C0948 /* Assets.xcassets in Resources */ = {isa = PBXBuildFile; fileRef = 84D939752BD61DEE008C0948 /* Assets.xcassets */; };
		84D939792BD61DEE008C0948 /* Preview Assets.xcassets in Resources */ = {isa = PBXBuildFile; fileRef = 84D939782BD61DEE008C0948 /* Preview Assets.xcassets */; };
		84D939832BD61DEE008C0948 /* FBATests.swift in Sources */ = {isa = PBXBuildFile; fileRef = 84D939822BD61DEE008C0948 /* FBATests.swift */; };
		84D9398D2BD61DEE008C0948 /* FBAUITests.swift in Sources */ = {isa = PBXBuildFile; fileRef = 84D9398C2BD61DEE008C0948 /* FBAUITests.swift */; };
		84D9398F2BD61DEE008C0948 /* FBAUITestsLaunchTests.swift in Sources */ = {isa = PBXBuildFile; fileRef = 84D9398E2BD61DEE008C0948 /* FBAUITestsLaunchTests.swift */; };
		84D9399C2BD61F04008C0948 /* GoogleService-Info.plist in Resources */ = {isa = PBXBuildFile; fileRef = 84D9399B2BD61F04008C0948 /* GoogleService-Info.plist */; };
		84D9399F2BD6204C008C0948 /* FirebaseAnalytics in Frameworks */ = {isa = PBXBuildFile; productRef = 84D9399E2BD6204C008C0948 /* FirebaseAnalytics */; };
		84D939A12BD6204C008C0948 /* FirebaseAnalyticsOnDeviceConversion in Frameworks */ = {isa = PBXBuildFile; productRef = 84D939A02BD6204C008C0948 /* FirebaseAnalyticsOnDeviceConversion */; };
		84D939A32BD6204C008C0948 /* FirebaseAnalyticsSwift in Frameworks */ = {isa = PBXBuildFile; productRef = 84D939A22BD6204C008C0948 /* FirebaseAnalyticsSwift */; };
		84D939A52BD6204C008C0948 /* FirebaseAnalyticsWithoutAdIdSupport in Frameworks */ = {isa = PBXBuildFile; productRef = 84D939A42BD6204C008C0948 /* FirebaseAnalyticsWithoutAdIdSupport */; };
		84D939A72BD6204C008C0948 /* FirebaseAppCheck in Frameworks */ = {isa = PBXBuildFile; productRef = 84D939A62BD6204C008C0948 /* FirebaseAppCheck */; };
		84D939A92BD6204C008C0948 /* FirebaseAppDistribution-Beta in Frameworks */ = {isa = PBXBuildFile; productRef = 84D939A82BD6204C008C0948 /* FirebaseAppDistribution-Beta */; };
		84D939AB2BD6204C008C0948 /* FirebaseAuth in Frameworks */ = {isa = PBXBuildFile; productRef = 84D939AA2BD6204C008C0948 /* FirebaseAuth */; };
		84D939AD2BD6204C008C0948 /* FirebaseAuthCombine-Community in Frameworks */ = {isa = PBXBuildFile; productRef = 84D939AC2BD6204C008C0948 /* FirebaseAuthCombine-Community */; };
		84D939AF2BD6204C008C0948 /* FirebaseCrashlytics in Frameworks */ = {isa = PBXBuildFile; productRef = 84D939AE2BD6204C008C0948 /* FirebaseCrashlytics */; };
		84D939B12BD6204C008C0948 /* FirebaseDatabase in Frameworks */ = {isa = PBXBuildFile; productRef = 84D939B02BD6204C008C0948 /* FirebaseDatabase */; };
		84D939B32BD6204C008C0948 /* FirebaseDatabaseSwift in Frameworks */ = {isa = PBXBuildFile; productRef = 84D939B22BD6204C008C0948 /* FirebaseDatabaseSwift */; };
		84D939B52BD6204C008C0948 /* FirebaseDynamicLinks in Frameworks */ = {isa = PBXBuildFile; productRef = 84D939B42BD6204C008C0948 /* FirebaseDynamicLinks */; };
		84D939B72BD6204C008C0948 /* FirebaseFirestore in Frameworks */ = {isa = PBXBuildFile; productRef = 84D939B62BD6204C008C0948 /* FirebaseFirestore */; };
		84D939B92BD6204C008C0948 /* FirebaseFirestoreCombine-Community in Frameworks */ = {isa = PBXBuildFile; productRef = 84D939B82BD6204C008C0948 /* FirebaseFirestoreCombine-Community */; };
		84D939BB2BD6204C008C0948 /* FirebaseFirestoreSwift in Frameworks */ = {isa = PBXBuildFile; productRef = 84D939BA2BD6204C008C0948 /* FirebaseFirestoreSwift */; };
		84D939BD2BD6204C008C0948 /* FirebaseFunctions in Frameworks */ = {isa = PBXBuildFile; productRef = 84D939BC2BD6204C008C0948 /* FirebaseFunctions */; };
		84D939BF2BD6204C008C0948 /* FirebaseFunctionsCombine-Community in Frameworks */ = {isa = PBXBuildFile; productRef = 84D939BE2BD6204C008C0948 /* FirebaseFunctionsCombine-Community */; };
		84D939C12BD6204C008C0948 /* FirebaseInAppMessaging-Beta in Frameworks */ = {isa = PBXBuildFile; productRef = 84D939C02BD6204C008C0948 /* FirebaseInAppMessaging-Beta */; };
		84D939C32BD6204C008C0948 /* FirebaseInAppMessagingSwift-Beta in Frameworks */ = {isa = PBXBuildFile; productRef = 84D939C22BD6204C008C0948 /* FirebaseInAppMessagingSwift-Beta */; };
		84D939C52BD6204C008C0948 /* FirebaseInstallations in Frameworks */ = {isa = PBXBuildFile; productRef = 84D939C42BD6204C008C0948 /* FirebaseInstallations */; };
		84D939C72BD6204C008C0948 /* FirebaseMLModelDownloader in Frameworks */ = {isa = PBXBuildFile; productRef = 84D939C62BD6204C008C0948 /* FirebaseMLModelDownloader */; };
		84D939C92BD6204C008C0948 /* FirebaseMessaging in Frameworks */ = {isa = PBXBuildFile; productRef = 84D939C82BD6204C008C0948 /* FirebaseMessaging */; };
		84D939CB2BD6204C008C0948 /* FirebasePerformance in Frameworks */ = {isa = PBXBuildFile; productRef = 84D939CA2BD6204C008C0948 /* FirebasePerformance */; };
		84D939CD2BD6204C008C0948 /* FirebaseRemoteConfig in Frameworks */ = {isa = PBXBuildFile; productRef = 84D939CC2BD6204C008C0948 /* FirebaseRemoteConfig */; };
		84D939CF2BD6204C008C0948 /* FirebaseRemoteConfigSwift in Frameworks */ = {isa = PBXBuildFile; productRef = 84D939CE2BD6204C008C0948 /* FirebaseRemoteConfigSwift */; };
		84D939D12BD6204C008C0948 /* FirebaseStorage in Frameworks */ = {isa = PBXBuildFile; productRef = 84D939D02BD6204C008C0948 /* FirebaseStorage */; };
		84D939D32BD6204C008C0948 /* FirebaseStorageCombine-Community in Frameworks */ = {isa = PBXBuildFile; productRef = 84D939D22BD6204C008C0948 /* FirebaseStorageCombine-Community */; };
		84D939D62BD62067008C0948 /* SwiftUICharts in Frameworks */ = {isa = PBXBuildFile; productRef = 84D939D52BD62067008C0948 /* SwiftUICharts */; };
		84D939D82BD623C0008C0948 /* AnalyticsView.swift in Sources */ = {isa = PBXBuildFile; fileRef = 84D939D72BD623C0008C0948 /* AnalyticsView.swift */; };
/* End PBXBuildFile section */

/* Begin PBXContainerItemProxy section */
		84D9397F2BD61DEE008C0948 /* PBXContainerItemProxy */ = {
			isa = PBXContainerItemProxy;
			containerPortal = 84D939662BD61DED008C0948 /* Project object */;
			proxyType = 1;
			remoteGlobalIDString = 84D9396D2BD61DED008C0948;
			remoteInfo = FBA;
		};
		84D939892BD61DEE008C0948 /* PBXContainerItemProxy */ = {
			isa = PBXContainerItemProxy;
			containerPortal = 84D939662BD61DED008C0948 /* Project object */;
			proxyType = 1;
			remoteGlobalIDString = 84D9396D2BD61DED008C0948;
			remoteInfo = FBA;
		};
/* End PBXContainerItemProxy section */

/* Begin PBXFileReference section */
		84D9396E2BD61DED008C0948 /* FBA.app */ = {isa = PBXFileReference; explicitFileType = wrapper.application; includeInIndex = 0; path = FBA.app; sourceTree = BUILT_PRODUCTS_DIR; };
		84D939712BD61DED008C0948 /* FBAApp.swift */ = {isa = PBXFileReference; lastKnownFileType = sourcecode.swift; path = FBAApp.swift; sourceTree = "<group>"; };
		84D939732BD61DED008C0948 /* ContentView.swift */ = {isa = PBXFileReference; lastKnownFileType = sourcecode.swift; path = ContentView.swift; sourceTree = "<group>"; };
		84D939752BD61DEE008C0948 /* Assets.xcassets */ = {isa = PBXFileReference; lastKnownFileType = folder.assetcatalog; path = Assets.xcassets; sourceTree = "<group>"; };
		84D939782BD61DEE008C0948 /* Preview Assets.xcassets */ = {isa = PBXFileReference; lastKnownFileType = folder.assetcatalog; path = "Preview Assets.xcassets"; sourceTree = "<group>"; };
		84D9397E2BD61DEE008C0948 /* FBATests.xctest */ = {isa = PBXFileReference; explicitFileType = wrapper.cfbundle; includeInIndex = 0; path = FBATests.xctest; sourceTree = BUILT_PRODUCTS_DIR; };
		84D939822BD61DEE008C0948 /* FBATests.swift */ = {isa = PBXFileReference; lastKnownFileType = sourcecode.swift; path = FBATests.swift; sourceTree = "<group>"; };
		84D939882BD61DEE008C0948 /* FBAUITests.xctest */ = {isa = PBXFileReference; explicitFileType = wrapper.cfbundle; includeInIndex = 0; path = FBAUITests.xctest; sourceTree = BUILT_PRODUCTS_DIR; };
		84D9398C2BD61DEE008C0948 /* FBAUITests.swift */ = {isa = PBXFileReference; lastKnownFileType = sourcecode.swift; path = FBAUITests.swift; sourceTree = "<group>"; };
		84D9398E2BD61DEE008C0948 /* FBAUITestsLaunchTests.swift */ = {isa = PBXFileReference; lastKnownFileType = sourcecode.swift; path = FBAUITestsLaunchTests.swift; sourceTree = "<group>"; };
		84D9399B2BD61F04008C0948 /* GoogleService-Info.plist */ = {isa = PBXFileReference; fileEncoding = 4; lastKnownFileType = text.plist.xml; path = "GoogleService-Info.plist"; sourceTree = "<group>"; };
		84D939D72BD623C0008C0948 /* AnalyticsView.swift */ = {isa = PBXFileReference; lastKnownFileType = sourcecode.swift; path = AnalyticsView.swift; sourceTree = "<group>"; };
/* End PBXFileReference section */

/* Begin PBXFrameworksBuildPhase section */
		84D9396B2BD61DED008C0948 /* Frameworks */ = {
			isa = PBXFrameworksBuildPhase;
			buildActionMask = 2147483647;
			files = (
				84D939B12BD6204C008C0948 /* FirebaseDatabase in Frameworks */,
				84D939D62BD62067008C0948 /* SwiftUICharts in Frameworks */,
				84D939BF2BD6204C008C0948 /* FirebaseFunctionsCombine-Community in Frameworks */,
				84D939B72BD6204C008C0948 /* FirebaseFirestore in Frameworks */,
				84D939A32BD6204C008C0948 /* FirebaseAnalyticsSwift in Frameworks */,
				84D9399F2BD6204C008C0948 /* FirebaseAnalytics in Frameworks */,
				84D939A12BD6204C008C0948 /* FirebaseAnalyticsOnDeviceConversion in Frameworks */,
				84D939C72BD6204C008C0948 /* FirebaseMLModelDownloader in Frameworks */,
				84D939BB2BD6204C008C0948 /* FirebaseFirestoreSwift in Frameworks */,
				84D939A72BD6204C008C0948 /* FirebaseAppCheck in Frameworks */,
				84D939A52BD6204C008C0948 /* FirebaseAnalyticsWithoutAdIdSupport in Frameworks */,
				84D939AB2BD6204C008C0948 /* FirebaseAuth in Frameworks */,
				84D939AF2BD6204C008C0948 /* FirebaseCrashlytics in Frameworks */,
				84D939CF2BD6204C008C0948 /* FirebaseRemoteConfigSwift in Frameworks */,
				84D939C12BD6204C008C0948 /* FirebaseInAppMessaging-Beta in Frameworks */,
				84D939B32BD6204C008C0948 /* FirebaseDatabaseSwift in Frameworks */,
				84D939BD2BD6204C008C0948 /* FirebaseFunctions in Frameworks */,
				84D939D32BD6204C008C0948 /* FirebaseStorageCombine-Community in Frameworks */,
				84D939CD2BD6204C008C0948 /* FirebaseRemoteConfig in Frameworks */,
				84D939A92BD6204C008C0948 /* FirebaseAppDistribution-Beta in Frameworks */,
				84D939AD2BD6204C008C0948 /* FirebaseAuthCombine-Community in Frameworks */,
				84D939CB2BD6204C008C0948 /* FirebasePerformance in Frameworks */,
				84D939C32BD6204C008C0948 /* FirebaseInAppMessagingSwift-Beta in Frameworks */,
				84D939D12BD6204C008C0948 /* FirebaseStorage in Frameworks */,
				84D939B52BD6204C008C0948 /* FirebaseDynamicLinks in Frameworks */,
				84D939B92BD6204C008C0948 /* FirebaseFirestoreCombine-Community in Frameworks */,
				84D939C92BD6204C008C0948 /* FirebaseMessaging in Frameworks */,
				84D939C52BD6204C008C0948 /* FirebaseInstallations in Frameworks */,
			);
			runOnlyForDeploymentPostprocessing = 0;
		};
		84D9397B2BD61DEE008C0948 /* Frameworks */ = {
			isa = PBXFrameworksBuildPhase;
			buildActionMask = 2147483647;
			files = (
			);
			runOnlyForDeploymentPostprocessing = 0;
		};
		84D939852BD61DEE008C0948 /* Frameworks */ = {
			isa = PBXFrameworksBuildPhase;
			buildActionMask = 2147483647;
			files = (
			);
			runOnlyForDeploymentPostprocessing = 0;
		};
/* End PBXFrameworksBuildPhase section */

/* Begin PBXGroup section */
		84D939652BD61DED008C0948 = {
			isa = PBXGroup;
			children = (
				84D939702BD61DED008C0948 /* FBA */,
				84D939812BD61DEE008C0948 /* FBATests */,
				84D9398B2BD61DEE008C0948 /* FBAUITests */,
				84D9396F2BD61DED008C0948 /* Products */,
			);
			sourceTree = "<group>";
		};
		84D9396F2BD61DED008C0948 /* Products */ = {
			isa = PBXGroup;
			children = (
				84D9396E2BD61DED008C0948 /* FBA.app */,
				84D9397E2BD61DEE008C0948 /* FBATests.xctest */,
				84D939882BD61DEE008C0948 /* FBAUITests.xctest */,
			);
			name = Products;
			sourceTree = "<group>";
		};
		84D939702BD61DED008C0948 /* FBA */ = {
			isa = PBXGroup;
			children = (
				84D939712BD61DED008C0948 /* FBAApp.swift */,
				84D939732BD61DED008C0948 /* ContentView.swift */,
				84D939D72BD623C0008C0948 /* AnalyticsView.swift */,
				84D9399B2BD61F04008C0948 /* GoogleService-Info.plist */,
				84D939752BD61DEE008C0948 /* Assets.xcassets */,
				84D939772BD61DEE008C0948 /* Preview Content */,
			);
			path = FBA;
			sourceTree = "<group>";
		};
		84D939772BD61DEE008C0948 /* Preview Content */ = {
			isa = PBXGroup;
			children = (
				84D939782BD61DEE008C0948 /* Preview Assets.xcassets */,
			);
			path = "Preview Content";
			sourceTree = "<group>";
		};
		84D939812BD61DEE008C0948 /* FBATests */ = {
			isa = PBXGroup;
			children = (
				84D939822BD61DEE008C0948 /* FBATests.swift */,
			);
			path = FBATests;
			sourceTree = "<group>";
		};
		84D9398B2BD61DEE008C0948 /* FBAUITests */ = {
			isa = PBXGroup;
			children = (
				84D9398C2BD61DEE008C0948 /* FBAUITests.swift */,
				84D9398E2BD61DEE008C0948 /* FBAUITestsLaunchTests.swift */,
			);
			path = FBAUITests;
			sourceTree = "<group>";
		};
/* End PBXGroup section */

/* Begin PBXNativeTarget section */
		84D9396D2BD61DED008C0948 /* FBA */ = {
			isa = PBXNativeTarget;
			buildConfigurationList = 84D939922BD61DEE008C0948 /* Build configuration list for PBXNativeTarget "FBA" */;
			buildPhases = (
				84D9396A2BD61DED008C0948 /* Sources */,
				84D9396B2BD61DED008C0948 /* Frameworks */,
				84D9396C2BD61DED008C0948 /* Resources */,
			);
			buildRules = (
			);
			dependencies = (
			);
			name = FBA;
			packageProductDependencies = (
				84D9399E2BD6204C008C0948 /* FirebaseAnalytics */,
				84D939A02BD6204C008C0948 /* FirebaseAnalyticsOnDeviceConversion */,
				84D939A22BD6204C008C0948 /* FirebaseAnalyticsSwift */,
				84D939A42BD6204C008C0948 /* FirebaseAnalyticsWithoutAdIdSupport */,
				84D939A62BD6204C008C0948 /* FirebaseAppCheck */,
				84D939A82BD6204C008C0948 /* FirebaseAppDistribution-Beta */,
				84D939AA2BD6204C008C0948 /* FirebaseAuth */,
				84D939AC2BD6204C008C0948 /* FirebaseAuthCombine-Community */,
				84D939AE2BD6204C008C0948 /* FirebaseCrashlytics */,
				84D939B02BD6204C008C0948 /* FirebaseDatabase */,
				84D939B22BD6204C008C0948 /* FirebaseDatabaseSwift */,
				84D939B42BD6204C008C0948 /* FirebaseDynamicLinks */,
				84D939B62BD6204C008C0948 /* FirebaseFirestore */,
				84D939B82BD6204C008C0948 /* FirebaseFirestoreCombine-Community */,
				84D939BA2BD6204C008C0948 /* FirebaseFirestoreSwift */,
				84D939BC2BD6204C008C0948 /* FirebaseFunctions */,
				84D939BE2BD6204C008C0948 /* FirebaseFunctionsCombine-Community */,
				84D939C02BD6204C008C0948 /* FirebaseInAppMessaging-Beta */,
				84D939C22BD6204C008C0948 /* FirebaseInAppMessagingSwift-Beta */,
				84D939C42BD6204C008C0948 /* FirebaseInstallations */,
				84D939C62BD6204C008C0948 /* FirebaseMLModelDownloader */,
				84D939C82BD6204C008C0948 /* FirebaseMessaging */,
				84D939CA2BD6204C008C0948 /* FirebasePerformance */,
				84D939CC2BD6204C008C0948 /* FirebaseRemoteConfig */,
				84D939CE2BD6204C008C0948 /* FirebaseRemoteConfigSwift */,
				84D939D02BD6204C008C0948 /* FirebaseStorage */,
				84D939D22BD6204C008C0948 /* FirebaseStorageCombine-Community */,
				84D939D52BD62067008C0948 /* SwiftUICharts */,
			);
			productName = FBA;
			productReference = 84D9396E2BD61DED008C0948 /* FBA.app */;
			productType = "com.apple.product-type.application";
		};
		84D9397D2BD61DEE008C0948 /* FBATests */ = {
			isa = PBXNativeTarget;
			buildConfigurationList = 84D939952BD61DEE008C0948 /* Build configuration list for PBXNativeTarget "FBATests" */;
			buildPhases = (
				84D9397A2BD61DEE008C0948 /* Sources */,
				84D9397B2BD61DEE008C0948 /* Frameworks */,
				84D9397C2BD61DEE008C0948 /* Resources */,
			);
			buildRules = (
			);
			dependencies = (
				84D939802BD61DEE008C0948 /* PBXTargetDependency */,
			);
			name = FBATests;
			productName = FBATests;
			productReference = 84D9397E2BD61DEE008C0948 /* FBATests.xctest */;
			productType = "com.apple.product-type.bundle.unit-test";
		};
		84D939872BD61DEE008C0948 /* FBAUITests */ = {
			isa = PBXNativeTarget;
			buildConfigurationList = 84D939982BD61DEE008C0948 /* Build configuration list for PBXNativeTarget "FBAUITests" */;
			buildPhases = (
				84D939842BD61DEE008C0948 /* Sources */,
				84D939852BD61DEE008C0948 /* Frameworks */,
				84D939862BD61DEE008C0948 /* Resources */,
			);
			buildRules = (
			);
			dependencies = (
				84D9398A2BD61DEE008C0948 /* PBXTargetDependency */,
			);
			name = FBAUITests;
			productName = FBAUITests;
			productReference = 84D939882BD61DEE008C0948 /* FBAUITests.xctest */;
			productType = "com.apple.product-type.bundle.ui-testing";
		};
/* End PBXNativeTarget section */

/* Begin PBXProject section */
		84D939662BD61DED008C0948 /* Project object */ = {
			isa = PBXProject;
			attributes = {
				BuildIndependentTargetsInParallel = 1;
				LastSwiftUpdateCheck = 1520;
				LastUpgradeCheck = 1520;
				TargetAttributes = {
					84D9396D2BD61DED008C0948 = {
						CreatedOnToolsVersion = 15.2;
					};
					84D9397D2BD61DEE008C0948 = {
						CreatedOnToolsVersion = 15.2;
						TestTargetID = 84D9396D2BD61DED008C0948;
					};
					84D939872BD61DEE008C0948 = {
						CreatedOnToolsVersion = 15.2;
						TestTargetID = 84D9396D2BD61DED008C0948;
					};
				};
			};
			buildConfigurationList = 84D939692BD61DED008C0948 /* Build configuration list for PBXProject "FBA" */;
			compatibilityVersion = "Xcode 14.0";
			developmentRegion = en;
			hasScannedForEncodings = 0;
			knownRegions = (
				en,
				Base,
			);
			mainGroup = 84D939652BD61DED008C0948;
			packageReferences = (
				84D9399D2BD6204C008C0948 /* XCRemoteSwiftPackageReference "firebase-ios-sdk" */,
				84D939D42BD62067008C0948 /* XCRemoteSwiftPackageReference "ChartView" */,
			);
			productRefGroup = 84D9396F2BD61DED008C0948 /* Products */;
			projectDirPath = "";
			projectRoot = "";
			targets = (
				84D9396D2BD61DED008C0948 /* FBA */,
				84D9397D2BD61DEE008C0948 /* FBATests */,
				84D939872BD61DEE008C0948 /* FBAUITests */,
			);
		};
/* End PBXProject section */

/* Begin PBXResourcesBuildPhase section */
		84D9396C2BD61DED008C0948 /* Resources */ = {
			isa = PBXResourcesBuildPhase;
			buildActionMask = 2147483647;
			files = (
				84D939792BD61DEE008C0948 /* Preview Assets.xcassets in Resources */,
				84D939762BD61DEE008C0948 /* Assets.xcassets in Resources */,
				84D9399C2BD61F04008C0948 /* GoogleService-Info.plist in Resources */,
			);
			runOnlyForDeploymentPostprocessing = 0;
		};
		84D9397C2BD61DEE008C0948 /* Resources */ = {
			isa = PBXResourcesBuildPhase;
			buildActionMask = 2147483647;
			files = (
			);
			runOnlyForDeploymentPostprocessing = 0;
		};
		84D939862BD61DEE008C0948 /* Resources */ = {
			isa = PBXResourcesBuildPhase;
			buildActionMask = 2147483647;
			files = (
			);
			runOnlyForDeploymentPostprocessing = 0;
		};
/* End PBXResourcesBuildPhase section */

/* Begin PBXSourcesBuildPhase section */
		84D9396A2BD61DED008C0948 /* Sources */ = {
			isa = PBXSourcesBuildPhase;
			buildActionMask = 2147483647;
			files = (
				84D939D82BD623C0008C0948 /* AnalyticsView.swift in Sources */,
				84D939742BD61DED008C0948 /* ContentView.swift in Sources */,
				84D939722BD61DED008C0948 /* FBAApp.swift in Sources */,
			);
			runOnlyForDeploymentPostprocessing = 0;
		};
		84D9397A2BD61DEE008C0948 /* Sources */ = {
			isa = PBXSourcesBuildPhase;
			buildActionMask = 2147483647;
			files = (
				84D939832BD61DEE008C0948 /* FBATests.swift in Sources */,
			);
			runOnlyForDeploymentPostprocessing = 0;
		};
		84D939842BD61DEE008C0948 /* Sources */ = {
			isa = PBXSourcesBuildPhase;
			buildActionMask = 2147483647;
			files = (
				84D9398F2BD61DEE008C0948 /* FBAUITestsLaunchTests.swift in Sources */,
				84D9398D2BD61DEE008C0948 /* FBAUITests.swift in Sources */,
			);
			runOnlyForDeploymentPostprocessing = 0;
		};
/* End PBXSourcesBuildPhase section */

/* Begin PBXTargetDependency section */
		84D939802BD61DEE008C0948 /* PBXTargetDependency */ = {
			isa = PBXTargetDependency;
			target = 84D9396D2BD61DED008C0948 /* FBA */;
			targetProxy = 84D9397F2BD61DEE008C0948 /* PBXContainerItemProxy */;
		};
		84D9398A2BD61DEE008C0948 /* PBXTargetDependency */ = {
			isa = PBXTargetDependency;
			target = 84D9396D2BD61DED008C0948 /* FBA */;
			targetProxy = 84D939892BD61DEE008C0948 /* PBXContainerItemProxy */;
		};
/* End PBXTargetDependency section */

/* Begin XCBuildConfiguration section */
		84D939902BD61DEE008C0948 /* Debug */ = {
			isa = XCBuildConfiguration;
			buildSettings = {
				ALWAYS_SEARCH_USER_PATHS = NO;
				ASSETCATALOG_COMPILER_GENERATE_SWIFT_ASSET_SYMBOL_EXTENSIONS = YES;
				CLANG_ANALYZER_NONNULL = YES;
				CLANG_ANALYZER_NUMBER_OBJECT_CONVERSION = YES_AGGRESSIVE;
				CLANG_CXX_LANGUAGE_STANDARD = "gnu++20";
				CLANG_ENABLE_MODULES = YES;
				CLANG_ENABLE_OBJC_ARC = YES;
				CLANG_ENABLE_OBJC_WEAK = YES;
				CLANG_WARN_BLOCK_CAPTURE_AUTORELEASING = YES;
				CLANG_WARN_BOOL_CONVERSION = YES;
				CLANG_WARN_COMMA = YES;
				CLANG_WARN_CONSTANT_CONVERSION = YES;
				CLANG_WARN_DEPRECATED_OBJC_IMPLEMENTATIONS = YES;
				CLANG_WARN_DIRECT_OBJC_ISA_USAGE = YES_ERROR;
				CLANG_WARN_DOCUMENTATION_COMMENTS = YES;
				CLANG_WARN_EMPTY_BODY = YES;
				CLANG_WARN_ENUM_CONVERSION = YES;
				CLANG_WARN_INFINITE_RECURSION = YES;
				CLANG_WARN_INT_CONVERSION = YES;
				CLANG_WARN_NON_LITERAL_NULL_CONVERSION = YES;
				CLANG_WARN_OBJC_IMPLICIT_RETAIN_SELF = YES;
				CLANG_WARN_OBJC_LITERAL_CONVERSION = YES;
				CLANG_WARN_OBJC_ROOT_CLASS = YES_ERROR;
				CLANG_WARN_QUOTED_INCLUDE_IN_FRAMEWORK_HEADER = YES;
				CLANG_WARN_RANGE_LOOP_ANALYSIS = YES;
				CLANG_WARN_STRICT_PROTOTYPES = YES;
				CLANG_WARN_SUSPICIOUS_MOVE = YES;
				CLANG_WARN_UNGUARDED_AVAILABILITY = YES_AGGRESSIVE;
				CLANG_WARN_UNREACHABLE_CODE = YES;
				CLANG_WARN__DUPLICATE_METHOD_MATCH = YES;
				COPY_PHASE_STRIP = NO;
				DEBUG_INFORMATION_FORMAT = dwarf;
				ENABLE_STRICT_OBJC_MSGSEND = YES;
				ENABLE_TESTABILITY = YES;
				ENABLE_USER_SCRIPT_SANDBOXING = YES;
				GCC_C_LANGUAGE_STANDARD = gnu17;
				GCC_DYNAMIC_NO_PIC = NO;
				GCC_NO_COMMON_BLOCKS = YES;
				GCC_OPTIMIZATION_LEVEL = 0;
				GCC_PREPROCESSOR_DEFINITIONS = (
					"DEBUG=1",
					"$(inherited)",
				);
				GCC_WARN_64_TO_32_BIT_CONVERSION = YES;
				GCC_WARN_ABOUT_RETURN_TYPE = YES_ERROR;
				GCC_WARN_UNDECLARED_SELECTOR = YES;
				GCC_WARN_UNINITIALIZED_AUTOS = YES_AGGRESSIVE;
				GCC_WARN_UNUSED_FUNCTION = YES;
				GCC_WARN_UNUSED_VARIABLE = YES;
				IPHONEOS_DEPLOYMENT_TARGET = 17.2;
				LOCALIZATION_PREFERS_STRING_CATALOGS = YES;
				MTL_ENABLE_DEBUG_INFO = INCLUDE_SOURCE;
				MTL_FAST_MATH = YES;
				ONLY_ACTIVE_ARCH = YES;
				SDKROOT = iphoneos;
				SWIFT_ACTIVE_COMPILATION_CONDITIONS = "DEBUG $(inherited)";
				SWIFT_OPTIMIZATION_LEVEL = "-Onone";
			};
			name = Debug;
		};
		84D939912BD61DEE008C0948 /* Release */ = {
			isa = XCBuildConfiguration;
			buildSettings = {
				ALWAYS_SEARCH_USER_PATHS = NO;
				ASSETCATALOG_COMPILER_GENERATE_SWIFT_ASSET_SYMBOL_EXTENSIONS = YES;
				CLANG_ANALYZER_NONNULL = YES;
				CLANG_ANALYZER_NUMBER_OBJECT_CONVERSION = YES_AGGRESSIVE;
				CLANG_CXX_LANGUAGE_STANDARD = "gnu++20";
				CLANG_ENABLE_MODULES = YES;
				CLANG_ENABLE_OBJC_ARC = YES;
				CLANG_ENABLE_OBJC_WEAK = YES;
				CLANG_WARN_BLOCK_CAPTURE_AUTORELEASING = YES;
				CLANG_WARN_BOOL_CONVERSION = YES;
				CLANG_WARN_COMMA = YES;
				CLANG_WARN_CONSTANT_CONVERSION = YES;
				CLANG_WARN_DEPRECATED_OBJC_IMPLEMENTATIONS = YES;
				CLANG_WARN_DIRECT_OBJC_ISA_USAGE = YES_ERROR;
				CLANG_WARN_DOCUMENTATION_COMMENTS = YES;
				CLANG_WARN_EMPTY_BODY = YES;
				CLANG_WARN_ENUM_CONVERSION = YES;
				CLANG_WARN_INFINITE_RECURSION = YES;
				CLANG_WARN_INT_CONVERSION = YES;
				CLANG_WARN_NON_LITERAL_NULL_CONVERSION = YES;
				CLANG_WARN_OBJC_IMPLICIT_RETAIN_SELF = YES;
				CLANG_WARN_OBJC_LITERAL_CONVERSION = YES;
				CLANG_WARN_OBJC_ROOT_CLASS = YES_ERROR;
				CLANG_WARN_QUOTED_INCLUDE_IN_FRAMEWORK_HEADER = YES;
				CLANG_WARN_RANGE_LOOP_ANALYSIS = YES;
				CLANG_WARN_STRICT_PROTOTYPES = YES;
				CLANG_WARN_SUSPICIOUS_MOVE = YES;
				CLANG_WARN_UNGUARDED_AVAILABILITY = YES_AGGRESSIVE;
				CLANG_WARN_UNREACHABLE_CODE = YES;
				CLANG_WARN__DUPLICATE_METHOD_MATCH = YES;
				COPY_PHASE_STRIP = NO;
				DEBUG_INFORMATION_FORMAT = "dwarf-with-dsym";
				ENABLE_NS_ASSERTIONS = NO;
				ENABLE_STRICT_OBJC_MSGSEND = YES;
				ENABLE_USER_SCRIPT_SANDBOXING = YES;
				GCC_C_LANGUAGE_STANDARD = gnu17;
				GCC_NO_COMMON_BLOCKS = YES;
				GCC_WARN_64_TO_32_BIT_CONVERSION = YES;
				GCC_WARN_ABOUT_RETURN_TYPE = YES_ERROR;
				GCC_WARN_UNDECLARED_SELECTOR = YES;
				GCC_WARN_UNINITIALIZED_AUTOS = YES_AGGRESSIVE;
				GCC_WARN_UNUSED_FUNCTION = YES;
				GCC_WARN_UNUSED_VARIABLE = YES;
				IPHONEOS_DEPLOYMENT_TARGET = 17.2;
				LOCALIZATION_PREFERS_STRING_CATALOGS = YES;
				MTL_ENABLE_DEBUG_INFO = NO;
				MTL_FAST_MATH = YES;
				SDKROOT = iphoneos;
				SWIFT_COMPILATION_MODE = wholemodule;
				VALIDATE_PRODUCT = YES;
			};
			name = Release;
		};
		84D939932BD61DEE008C0948 /* Debug */ = {
			isa = XCBuildConfiguration;
			buildSettings = {
				ASSETCATALOG_COMPILER_APPICON_NAME = AppIcon;
				ASSETCATALOG_COMPILER_GLOBAL_ACCENT_COLOR_NAME = AccentColor;
				CODE_SIGN_STYLE = Automatic;
				CURRENT_PROJECT_VERSION = 1;
				DEVELOPMENT_ASSET_PATHS = "\"FBA/Preview Content\"";
				DEVELOPMENT_TEAM = D33C96P94Y;
				ENABLE_PREVIEWS = YES;
				GENERATE_INFOPLIST_FILE = YES;
				INFOPLIST_KEY_UIApplicationSceneManifest_Generation = YES;
				INFOPLIST_KEY_UIApplicationSupportsIndirectInputEvents = YES;
				INFOPLIST_KEY_UILaunchScreen_Generation = YES;
				INFOPLIST_KEY_UISupportedInterfaceOrientations_iPad = "UIInterfaceOrientationPortrait UIInterfaceOrientationPortraitUpsideDown UIInterfaceOrientationLandscapeLeft UIInterfaceOrientationLandscapeRight";
				INFOPLIST_KEY_UISupportedInterfaceOrientations_iPhone = "UIInterfaceOrientationPortrait UIInterfaceOrientationLandscapeLeft UIInterfaceOrientationLandscapeRight";
				LD_RUNPATH_SEARCH_PATHS = (
					"$(inherited)",
					"@executable_path/Frameworks",
				);
				MARKETING_VERSION = 1.0;
				PRODUCT_BUNDLE_IDENTIFIER = swift.FBA;
				PRODUCT_NAME = "$(TARGET_NAME)";
				SWIFT_EMIT_LOC_STRINGS = YES;
				SWIFT_VERSION = 5.0;
				TARGETED_DEVICE_FAMILY = "1,2";
			};
			name = Debug;
		};
		84D939942BD61DEE008C0948 /* Release */ = {
			isa = XCBuildConfiguration;
			buildSettings = {
				ASSETCATALOG_COMPILER_APPICON_NAME = AppIcon;
				ASSETCATALOG_COMPILER_GLOBAL_ACCENT_COLOR_NAME = AccentColor;
				CODE_SIGN_STYLE = Automatic;
				CURRENT_PROJECT_VERSION = 1;
				DEVELOPMENT_ASSET_PATHS = "\"FBA/Preview Content\"";
				DEVELOPMENT_TEAM = D33C96P94Y;
				ENABLE_PREVIEWS = YES;
				GENERATE_INFOPLIST_FILE = YES;
				INFOPLIST_KEY_UIApplicationSceneManifest_Generation = YES;
				INFOPLIST_KEY_UIApplicationSupportsIndirectInputEvents = YES;
				INFOPLIST_KEY_UILaunchScreen_Generation = YES;
				INFOPLIST_KEY_UISupportedInterfaceOrientations_iPad = "UIInterfaceOrientationPortrait UIInterfaceOrientationPortraitUpsideDown UIInterfaceOrientationLandscapeLeft UIInterfaceOrientationLandscapeRight";
				INFOPLIST_KEY_UISupportedInterfaceOrientations_iPhone = "UIInterfaceOrientationPortrait UIInterfaceOrientationLandscapeLeft UIInterfaceOrientationLandscapeRight";
				LD_RUNPATH_SEARCH_PATHS = (
					"$(inherited)",
					"@executable_path/Frameworks",
				);
				MARKETING_VERSION = 1.0;
				PRODUCT_BUNDLE_IDENTIFIER = swift.FBA;
				PRODUCT_NAME = "$(TARGET_NAME)";
				SWIFT_EMIT_LOC_STRINGS = YES;
				SWIFT_VERSION = 5.0;
				TARGETED_DEVICE_FAMILY = "1,2";
			};
			name = Release;
		};
		84D939962BD61DEE008C0948 /* Debug */ = {
			isa = XCBuildConfiguration;
			buildSettings = {
				ALWAYS_EMBED_SWIFT_STANDARD_LIBRARIES = YES;
				BUNDLE_LOADER = "$(TEST_HOST)";
				CODE_SIGN_STYLE = Automatic;
				CURRENT_PROJECT_VERSION = 1;
				DEVELOPMENT_TEAM = D33C96P94Y;
				GENERATE_INFOPLIST_FILE = YES;
				IPHONEOS_DEPLOYMENT_TARGET = 17.2;
				MARKETING_VERSION = 1.0;
				PRODUCT_BUNDLE_IDENTIFIER = swift.FBATests;
				PRODUCT_NAME = "$(TARGET_NAME)";
				SWIFT_EMIT_LOC_STRINGS = NO;
				SWIFT_VERSION = 5.0;
				TARGETED_DEVICE_FAMILY = "1,2";
				TEST_HOST = "$(BUILT_PRODUCTS_DIR)/FBA.app/$(BUNDLE_EXECUTABLE_FOLDER_PATH)/FBA";
			};
			name = Debug;
		};
		84D939972BD61DEE008C0948 /* Release */ = {
			isa = XCBuildConfiguration;
			buildSettings = {
				ALWAYS_EMBED_SWIFT_STANDARD_LIBRARIES = YES;
				BUNDLE_LOADER = "$(TEST_HOST)";
				CODE_SIGN_STYLE = Automatic;
				CURRENT_PROJECT_VERSION = 1;
				DEVELOPMENT_TEAM = D33C96P94Y;
				GENERATE_INFOPLIST_FILE = YES;
				IPHONEOS_DEPLOYMENT_TARGET = 17.2;
				MARKETING_VERSION = 1.0;
				PRODUCT_BUNDLE_IDENTIFIER = swift.FBATests;
				PRODUCT_NAME = "$(TARGET_NAME)";
				SWIFT_EMIT_LOC_STRINGS = NO;
				SWIFT_VERSION = 5.0;
				TARGETED_DEVICE_FAMILY = "1,2";
				TEST_HOST = "$(BUILT_PRODUCTS_DIR)/FBA.app/$(BUNDLE_EXECUTABLE_FOLDER_PATH)/FBA";
			};
			name = Release;
		};
		84D939992BD61DEE008C0948 /* Debug */ = {
			isa = XCBuildConfiguration;
			buildSettings = {
				ALWAYS_EMBED_SWIFT_STANDARD_LIBRARIES = YES;
				CODE_SIGN_STYLE = Automatic;
				CURRENT_PROJECT_VERSION = 1;
				DEVELOPMENT_TEAM = D33C96P94Y;
				GENERATE_INFOPLIST_FILE = YES;
				MARKETING_VERSION = 1.0;
				PRODUCT_BUNDLE_IDENTIFIER = swift.FBAUITests;
				PRODUCT_NAME = "$(TARGET_NAME)";
				SWIFT_EMIT_LOC_STRINGS = NO;
				SWIFT_VERSION = 5.0;
				TARGETED_DEVICE_FAMILY = "1,2";
				TEST_TARGET_NAME = FBA;
			};
			name = Debug;
		};
		84D9399A2BD61DEE008C0948 /* Release */ = {
			isa = XCBuildConfiguration;
			buildSettings = {
				ALWAYS_EMBED_SWIFT_STANDARD_LIBRARIES = YES;
				CODE_SIGN_STYLE = Automatic;
				CURRENT_PROJECT_VERSION = 1;
				DEVELOPMENT_TEAM = D33C96P94Y;
				GENERATE_INFOPLIST_FILE = YES;
				MARKETING_VERSION = 1.0;
				PRODUCT_BUNDLE_IDENTIFIER = swift.FBAUITests;
				PRODUCT_NAME = "$(TARGET_NAME)";
				SWIFT_EMIT_LOC_STRINGS = NO;
				SWIFT_VERSION = 5.0;
				TARGETED_DEVICE_FAMILY = "1,2";
				TEST_TARGET_NAME = FBA;
			};
			name = Release;
		};
/* End XCBuildConfiguration section */

/* Begin XCConfigurationList section */
		84D939692BD61DED008C0948 /* Build configuration list for PBXProject "FBA" */ = {
			isa = XCConfigurationList;
			buildConfigurations = (
				84D939902BD61DEE008C0948 /* Debug */,
				84D939912BD61DEE008C0948 /* Release */,
			);
			defaultConfigurationIsVisible = 0;
			defaultConfigurationName = Release;
		};
		84D939922BD61DEE008C0948 /* Build configuration list for PBXNativeTarget "FBA" */ = {
			isa = XCConfigurationList;
			buildConfigurations = (
				84D939932BD61DEE008C0948 /* Debug */,
				84D939942BD61DEE008C0948 /* Release */,
			);
			defaultConfigurationIsVisible = 0;
			defaultConfigurationName = Release;
		};
		84D939952BD61DEE008C0948 /* Build configuration list for PBXNativeTarget "FBATests" */ = {
			isa = XCConfigurationList;
			buildConfigurations = (
				84D939962BD61DEE008C0948 /* Debug */,
				84D939972BD61DEE008C0948 /* Release */,
			);
			defaultConfigurationIsVisible = 0;
			defaultConfigurationName = Release;
		};
		84D939982BD61DEE008C0948 /* Build configuration list for PBXNativeTarget "FBAUITests" */ = {
			isa = XCConfigurationList;
			buildConfigurations = (
				84D939992BD61DEE008C0948 /* Debug */,
				84D9399A2BD61DEE008C0948 /* Release */,
			);
			defaultConfigurationIsVisible = 0;
			defaultConfigurationName = Release;
		};
/* End XCConfigurationList section */

/* Begin XCRemoteSwiftPackageReference section */
		84D9399D2BD6204C008C0948 /* XCRemoteSwiftPackageReference "firebase-ios-sdk" */ = {
			isa = XCRemoteSwiftPackageReference;
			repositoryURL = "https://github.com/firebase/firebase-ios-sdk";
			requirement = {
				kind = upToNextMajorVersion;
				minimumVersion = 10.24.0;
			};
		};
		84D939D42BD62067008C0948 /* XCRemoteSwiftPackageReference "ChartView" */ = {
			isa = XCRemoteSwiftPackageReference;
			repositoryURL = "https://github.com/AppPear/ChartView";
			requirement = {
				kind = upToNextMajorVersion;
				minimumVersion = 1.5.5;
			};
		};
/* End XCRemoteSwiftPackageReference section */

/* Begin XCSwiftPackageProductDependency section */
		84D9399E2BD6204C008C0948 /* FirebaseAnalytics */ = {
			isa = XCSwiftPackageProductDependency;
			package = 84D9399D2BD6204C008C0948 /* XCRemoteSwiftPackageReference "firebase-ios-sdk" */;
			productName = FirebaseAnalytics;
		};
		84D939A02BD6204C008C0948 /* FirebaseAnalyticsOnDeviceConversion */ = {
			isa = XCSwiftPackageProductDependency;
			package = 84D9399D2BD6204C008C0948 /* XCRemoteSwiftPackageReference "firebase-ios-sdk" */;
			productName = FirebaseAnalyticsOnDeviceConversion;
		};
		84D939A22BD6204C008C0948 /* FirebaseAnalyticsSwift */ = {
			isa = XCSwiftPackageProductDependency;
			package = 84D9399D2BD6204C008C0948 /* XCRemoteSwiftPackageReference "firebase-ios-sdk" */;
			productName = FirebaseAnalyticsSwift;
		};
		84D939A42BD6204C008C0948 /* FirebaseAnalyticsWithoutAdIdSupport */ = {
			isa = XCSwiftPackageProductDependency;
			package = 84D9399D2BD6204C008C0948 /* XCRemoteSwiftPackageReference "firebase-ios-sdk" */;
			productName = FirebaseAnalyticsWithoutAdIdSupport;
		};
		84D939A62BD6204C008C0948 /* FirebaseAppCheck */ = {
			isa = XCSwiftPackageProductDependency;
			package = 84D9399D2BD6204C008C0948 /* XCRemoteSwiftPackageReference "firebase-ios-sdk" */;
			productName = FirebaseAppCheck;
		};
		84D939A82BD6204C008C0948 /* FirebaseAppDistribution-Beta */ = {
			isa = XCSwiftPackageProductDependency;
			package = 84D9399D2BD6204C008C0948 /* XCRemoteSwiftPackageReference "firebase-ios-sdk" */;
			productName = "FirebaseAppDistribution-Beta";
		};
		84D939AA2BD6204C008C0948 /* FirebaseAuth */ = {
			isa = XCSwiftPackageProductDependency;
			package = 84D9399D2BD6204C008C0948 /* XCRemoteSwiftPackageReference "firebase-ios-sdk" */;
			productName = FirebaseAuth;
		};
		84D939AC2BD6204C008C0948 /* FirebaseAuthCombine-Community */ = {
			isa = XCSwiftPackageProductDependency;
			package = 84D9399D2BD6204C008C0948 /* XCRemoteSwiftPackageReference "firebase-ios-sdk" */;
			productName = "FirebaseAuthCombine-Community";
		};
		84D939AE2BD6204C008C0948 /* FirebaseCrashlytics */ = {
			isa = XCSwiftPackageProductDependency;
			package = 84D9399D2BD6204C008C0948 /* XCRemoteSwiftPackageReference "firebase-ios-sdk" */;
			productName = FirebaseCrashlytics;
		};
		84D939B02BD6204C008C0948 /* FirebaseDatabase */ = {
			isa = XCSwiftPackageProductDependency;
			package = 84D9399D2BD6204C008C0948 /* XCRemoteSwiftPackageReference "firebase-ios-sdk" */;
			productName = FirebaseDatabase;
		};
		84D939B22BD6204C008C0948 /* FirebaseDatabaseSwift */ = {
			isa = XCSwiftPackageProductDependency;
			package = 84D9399D2BD6204C008C0948 /* XCRemoteSwiftPackageReference "firebase-ios-sdk" */;
			productName = FirebaseDatabaseSwift;
		};
		84D939B42BD6204C008C0948 /* FirebaseDynamicLinks */ = {
			isa = XCSwiftPackageProductDependency;
			package = 84D9399D2BD6204C008C0948 /* XCRemoteSwiftPackageReference "firebase-ios-sdk" */;
			productName = FirebaseDynamicLinks;
		};
		84D939B62BD6204C008C0948 /* FirebaseFirestore */ = {
			isa = XCSwiftPackageProductDependency;
			package = 84D9399D2BD6204C008C0948 /* XCRemoteSwiftPackageReference "firebase-ios-sdk" */;
			productName = FirebaseFirestore;
		};
		84D939B82BD6204C008C0948 /* FirebaseFirestoreCombine-Community */ = {
			isa = XCSwiftPackageProductDependency;
			package = 84D9399D2BD6204C008C0948 /* XCRemoteSwiftPackageReference "firebase-ios-sdk" */;
			productName = "FirebaseFirestoreCombine-Community";
		};
		84D939BA2BD6204C008C0948 /* FirebaseFirestoreSwift */ = {
			isa = XCSwiftPackageProductDependency;
			package = 84D9399D2BD6204C008C0948 /* XCRemoteSwiftPackageReference "firebase-ios-sdk" */;
			productName = FirebaseFirestoreSwift;
		};
		84D939BC2BD6204C008C0948 /* FirebaseFunctions */ = {
			isa = XCSwiftPackageProductDependency;
			package = 84D9399D2BD6204C008C0948 /* XCRemoteSwiftPackageReference "firebase-ios-sdk" */;
			productName = FirebaseFunctions;
		};
		84D939BE2BD6204C008C0948 /* FirebaseFunctionsCombine-Community */ = {
			isa = XCSwiftPackageProductDependency;
			package = 84D9399D2BD6204C008C0948 /* XCRemoteSwiftPackageReference "firebase-ios-sdk" */;
			productName = "FirebaseFunctionsCombine-Community";
		};
		84D939C02BD6204C008C0948 /* FirebaseInAppMessaging-Beta */ = {
			isa = XCSwiftPackageProductDependency;
			package = 84D9399D2BD6204C008C0948 /* XCRemoteSwiftPackageReference "firebase-ios-sdk" */;
			productName = "FirebaseInAppMessaging-Beta";
		};
		84D939C22BD6204C008C0948 /* FirebaseInAppMessagingSwift-Beta */ = {
			isa = XCSwiftPackageProductDependency;
			package = 84D9399D2BD6204C008C0948 /* XCRemoteSwiftPackageReference "firebase-ios-sdk" */;
			productName = "FirebaseInAppMessagingSwift-Beta";
		};
		84D939C42BD6204C008C0948 /* FirebaseInstallations */ = {
			isa = XCSwiftPackageProductDependency;
			package = 84D9399D2BD6204C008C0948 /* XCRemoteSwiftPackageReference "firebase-ios-sdk" */;
			productName = FirebaseInstallations;
		};
		84D939C62BD6204C008C0948 /* FirebaseMLModelDownloader */ = {
			isa = XCSwiftPackageProductDependency;
			package = 84D9399D2BD6204C008C0948 /* XCRemoteSwiftPackageReference "firebase-ios-sdk" */;
			productName = FirebaseMLModelDownloader;
		};
		84D939C82BD6204C008C0948 /* FirebaseMessaging */ = {
			isa = XCSwiftPackageProductDependency;
			package = 84D9399D2BD6204C008C0948 /* XCRemoteSwiftPackageReference "firebase-ios-sdk" */;
			productName = FirebaseMessaging;
		};
		84D939CA2BD6204C008C0948 /* FirebasePerformance */ = {
			isa = XCSwiftPackageProductDependency;
			package = 84D9399D2BD6204C008C0948 /* XCRemoteSwiftPackageReference "firebase-ios-sdk" */;
			productName = FirebasePerformance;
		};
		84D939CC2BD6204C008C0948 /* FirebaseRemoteConfig */ = {
			isa = XCSwiftPackageProductDependency;
			package = 84D9399D2BD6204C008C0948 /* XCRemoteSwiftPackageReference "firebase-ios-sdk" */;
			productName = FirebaseRemoteConfig;
		};
		84D939CE2BD6204C008C0948 /* FirebaseRemoteConfigSwift */ = {
			isa = XCSwiftPackageProductDependency;
			package = 84D9399D2BD6204C008C0948 /* XCRemoteSwiftPackageReference "firebase-ios-sdk" */;
			productName = FirebaseRemoteConfigSwift;
		};
		84D939D02BD6204C008C0948 /* FirebaseStorage */ = {
			isa = XCSwiftPackageProductDependency;
			package = 84D9399D2BD6204C008C0948 /* XCRemoteSwiftPackageReference "firebase-ios-sdk" */;
			productName = FirebaseStorage;
		};
		84D939D22BD6204C008C0948 /* FirebaseStorageCombine-Community */ = {
			isa = XCSwiftPackageProductDependency;
			package = 84D9399D2BD6204C008C0948 /* XCRemoteSwiftPackageReference "firebase-ios-sdk" */;
			productName = "FirebaseStorageCombine-Community";
		};
		84D939D52BD62067008C0948 /* SwiftUICharts */ = {
			isa = XCSwiftPackageProductDependency;
			package = 84D939D42BD62067008C0948 /* XCRemoteSwiftPackageReference "ChartView" */;
			productName = SwiftUICharts;
		};
/* End XCSwiftPackageProductDependency section */
	};
	rootObject = 84D939662BD61DED008C0948 /* Project object */;
}
